
Microsoft Visual Studio Solution File, Format Version 12.00
# Visual Studio Version 17
VisualStudioVersion = 17.11.35312.102
MinimumVisualStudioVersion = 10.0.40219.1
Project("{FAE04EC0-301F-11D3-BF4B-00C04F79EFBC}") = "Bài tập 4", "Bài tập 4\Bài tập 4.csproj", "{AB27B7A0-63E2-4E7E-8BDD-1A54BFF837AA}"
EndProject
Global
	GlobalSection(SolutionConfigurationPlatforms) = preSolution
		Debug|Any CPU = Debug|Any CPU
		Release|Any CPU = Release|Any CPU
	EndGlobalSection
	GlobalSection(ProjectConfigurationPlatforms) = postSolution
		{AB27B7A0-63E2-4E7E-8BDD-1A54BFF837AA}.Debug|Any CPU.ActiveCfg = Debug|Any CPU
		{AB27B7A0-63E2-4E7E-8BDD-1A54BFF837AA}.Debug|Any CPU.Build.0 = Debug|Any CPU
		{AB27B7A0-63E2-4E7E-8BDD-1A54BFF837AA}.Release|Any CPU.ActiveCfg = Release|Any CPU
		{AB27B7A0-63E2-4E7E-8BDD-1A54BFF837AA}.Release|Any CPU.Build.0 = Release|Any CPU
	EndGlobalSection
	GlobalSection(SolutionProperties) = preSolution
		HideSolutionNode = FALSE
	EndGlobalSection
	GlobalSection(ExtensibilityGlobals) = postSolution
		SolutionGuid = {EF98572D-A557-420D-BB62-7173474F220A}
	EndGlobalSection
EndGlobal
