
Microsoft Visual Studio Solution File, Format Version 12.00
# Visual Studio Version 17
VisualStudioVersion = 17.11.35327.3
MinimumVisualStudioVersion = 10.0.40219.1
Project("{FAE04EC0-301F-11D3-BF4B-00C04F79EFBC}") = "WebBanHang", "WebBanHang\WebBanHang.csproj", "{44C7345C-0F9E-474E-851D-EE689D5FEF40}"
EndProject
Global
	GlobalSection(SolutionConfigurationPlatforms) = preSolution
		Debug|Any CPU = Debug|Any CPU
		Release|Any CPU = Release|Any CPU
	EndGlobalSection
	GlobalSection(ProjectConfigurationPlatforms) = postSolution
		{44C7345C-0F9E-474E-851D-EE689D5FEF40}.Debug|Any CPU.ActiveCfg = Debug|Any CPU
		{44C7345C-0F9E-474E-851D-EE689D5FEF40}.Debug|Any CPU.Build.0 = Debug|Any CPU
		{44C7345C-0F9E-474E-851D-EE689D5FEF40}.Release|Any CPU.ActiveCfg = Release|Any CPU
		{44C7345C-0F9E-474E-851D-EE689D5FEF40}.Release|Any CPU.Build.0 = Release|Any CPU
	EndGlobalSection
	GlobalSection(SolutionProperties) = preSolution
		HideSolutionNode = FALSE
	EndGlobalSection
	GlobalSection(ExtensibilityGlobals) = postSolution
		SolutionGuid = {4F7CF867-514B-4AFA-8927-643FC94AD359}
	EndGlobalSection
EndGlobal
